
Microsoft Visual Studio Solution File, Format Version 12.00
# Visual Studio Version 16
VisualStudioVersion = 16.0.31424.327
MinimumVisualStudioVersion = 10.0.40219.1
Project("{9A19103F-16F7-4668-BE54-9A1E7A4F7556}") = "Week7.EquazioniGrado2.test", "Week7.EquazioniGrado2.test\Week7.EquazioniGrado2.test.csproj", "{A670F230-9D88-4A0F-AB5B-0DBE9183E655}"
EndProject
Project("{9A19103F-16F7-4668-BE54-9A1E7A4F7556}") = "Week7.EquazioniGrado2.Core", "Week7.EquazioniGrado2.Core\Week7.EquazioniGrado2.Core.csproj", "{D25C45F0-29D5-4139-BD77-FBA64BC3982A}"
EndProject
Project("{FAE04EC0-301F-11D3-BF4B-00C04F79EFBC}") = "Week7.EquazioniGrado2.WindForm", "Week7.EquazioniGrado2.WindForm\Week7.EquazioniGrado2.WindForm.csproj", "{07BBCB2A-13BE-4EF8-AF0E-D6340624E5C5}"
EndProject
Global
	GlobalSection(SolutionConfigurationPlatforms) = preSolution
		Debug|Any CPU = Debug|Any CPU
		Release|Any CPU = Release|Any CPU
	EndGlobalSection
	GlobalSection(ProjectConfigurationPlatforms) = postSolution
		{A670F230-9D88-4A0F-AB5B-0DBE9183E655}.Debug|Any CPU.ActiveCfg = Debug|Any CPU
		{A670F230-9D88-4A0F-AB5B-0DBE9183E655}.Debug|Any CPU.Build.0 = Debug|Any CPU
		{A670F230-9D88-4A0F-AB5B-0DBE9183E655}.Release|Any CPU.ActiveCfg = Release|Any CPU
		{A670F230-9D88-4A0F-AB5B-0DBE9183E655}.Release|Any CPU.Build.0 = Release|Any CPU
		{D25C45F0-29D5-4139-BD77-FBA64BC3982A}.Debug|Any CPU.ActiveCfg = Debug|Any CPU
		{D25C45F0-29D5-4139-BD77-FBA64BC3982A}.Debug|Any CPU.Build.0 = Debug|Any CPU
		{D25C45F0-29D5-4139-BD77-FBA64BC3982A}.Release|Any CPU.ActiveCfg = Release|Any CPU
		{D25C45F0-29D5-4139-BD77-FBA64BC3982A}.Release|Any CPU.Build.0 = Release|Any CPU
		{07BBCB2A-13BE-4EF8-AF0E-D6340624E5C5}.Debug|Any CPU.ActiveCfg = Debug|Any CPU
		{07BBCB2A-13BE-4EF8-AF0E-D6340624E5C5}.Debug|Any CPU.Build.0 = Debug|Any CPU
		{07BBCB2A-13BE-4EF8-AF0E-D6340624E5C5}.Release|Any CPU.ActiveCfg = Release|Any CPU
		{07BBCB2A-13BE-4EF8-AF0E-D6340624E5C5}.Release|Any CPU.Build.0 = Release|Any CPU
	EndGlobalSection
	GlobalSection(SolutionProperties) = preSolution
		HideSolutionNode = FALSE
	EndGlobalSection
	GlobalSection(ExtensibilityGlobals) = postSolution
		SolutionGuid = {B9AB4A55-DD0C-45EE-ADE9-173546476075}
	EndGlobalSection
EndGlobal
